
Microsoft Visual Studio Solution File, Format Version 12.00
# Visual Studio Version 16
VisualStudioVersion = 16.0.31105.61
MinimumVisualStudioVersion = 10.0.40219.1
Project("{9A19103F-16F7-4668-BE54-9A1E7A4F7556}") = "Employees", "Employees.csproj", "{CD00DAB3-E261-4E9E-9760-51BAA954E196}"
EndProject
Global
	GlobalSection(SolutionConfigurationPlatforms) = preSolution
		Debug|Any CPU = Debug|Any CPU
		Release|Any CPU = Release|Any CPU
	EndGlobalSection
	GlobalSection(ProjectConfigurationPlatforms) = postSolution
		{CD00DAB3-E261-4E9E-9760-51BAA954E196}.Debug|Any CPU.ActiveCfg = Debug|Any CPU
		{CD00DAB3-E261-4E9E-9760-51BAA954E196}.Debug|Any CPU.Build.0 = Debug|Any CPU
		{CD00DAB3-E261-4E9E-9760-51BAA954E196}.Release|Any CPU.ActiveCfg = Release|Any CPU
		{CD00DAB3-E261-4E9E-9760-51BAA954E196}.Release|Any CPU.Build.0 = Release|Any CPU
	EndGlobalSection
	GlobalSection(SolutionProperties) = preSolution
		HideSolutionNode = FALSE
	EndGlobalSection
	GlobalSection(ExtensibilityGlobals) = postSolution
		SolutionGuid = {E90BD5AF-5687-43B6-841C-9DFCA4123CBF}
	EndGlobalSection
EndGlobal
